
Microsoft Visual Studio Solution File, Format Version 12.00
# Visual Studio Version 17
VisualStudioVersion = 17.1.32228.430
MinimumVisualStudioVersion = 10.0.40219.1
Project("{FAE04EC0-301F-11D3-BF4B-00C04F79EFBC}") = "Playground", "Playground\Playground.csproj", "{356283F0-4D52-407F-AE1E-C493585FAD5A}"
EndProject
Global
	GlobalSection(SolutionConfigurationPlatforms) = preSolution
		Debug|Any CPU = Debug|Any CPU
		Release|Any CPU = Release|Any CPU
	EndGlobalSection
	GlobalSection(ProjectConfigurationPlatforms) = postSolution
		{356283F0-4D52-407F-AE1E-C493585FAD5A}.Debug|Any CPU.ActiveCfg = Debug|Any CPU
		{356283F0-4D52-407F-AE1E-C493585FAD5A}.Debug|Any CPU.Build.0 = Debug|Any CPU
		{356283F0-4D52-407F-AE1E-C493585FAD5A}.Release|Any CPU.ActiveCfg = Release|Any CPU
		{356283F0-4D52-407F-AE1E-C493585FAD5A}.Release|Any CPU.Build.0 = Release|Any CPU
	EndGlobalSection
	GlobalSection(SolutionProperties) = preSolution
		HideSolutionNode = FALSE
	EndGlobalSection
	GlobalSection(ExtensibilityGlobals) = postSolution
		SolutionGuid = {C870A718-C85D-4A3B-BB48-011D8A5E956E}
	EndGlobalSection
EndGlobal
